<?xml version="1.0" encoding="utf-8"?>
<Project ToolsVersion="4.0" xmlns="http://schemas.microsoft.com/developer/msbuild/2003">
  <ItemGroup>
    <Filter Include="Source Files">
      <UniqueIdentifier>{4FC737F1-C7A5-4376-A066-2A32D752A2FF}</UniqueIdentifier>
      <Extensions>cpp;c;cc;cxx;def;odl;idl;hpj;bat;asm;asmx</Extensions>
    </Filter>
    <Filter Include="Header Files">
      <UniqueIdentifier>{93995380-89BD-4b04-88EB-625FBE52EBFB}</UniqueIdentifier>
      <Extensions>h;hh;hpp;hxx;hm;inl;inc;xsd</Extensions>
    </Filter>
    <Filter Include="Resource Files">
      <UniqueIdentifier>{67DA6AB6-F800-4c08-8B7A-83BB121AAD01}</UniqueIdentifier>
      <Extensions>rc;ico;cur;bmp;dlg;rc2;rct;bin;rgs;gif;jpg;jpeg;jpe;resx;tiff;tif;png;wav;mfcribbon-ms</Extensions>
    </Filter>
  </ItemGroup>
  <ItemGroup>
    <Text Include="ReadMe.txt" />
  </ItemGroup>
  <ItemGroup>
    <ClInclude Include="Basin.h">
      <Filter>Header Files</Filter>
    </ClInclude>
    <ClInclude Include="stdafx.h">
      <Filter>Header Files</Filter>
    </ClInclude>
    <ClInclude Include="targetver.h">
      <Filter>Header Files</Filter>
    </ClInclude>
    <ClInclude Include="MainFrm.h">
      <Filter>Header Files</Filter>
    </ClInclude>
    <ClInclude Include="ChildView.h">
      <Filter>Header Files</Filter>
    </ClInclude>
    <ClInclude Include="Resource.h">
      <Filter>Header Files</Filter>
    </ClInclude>
    <ClInclude Include="sprites\Tilemap.h">
      <Filter>Header Files</Filter>
    </ClInclude>
    <ClInclude Include="cellmap\cellmap.h">
      <Filter>Header Files</Filter>
    </ClInclude>
    <ClInclude Include="Mob.h">
      <Filter>Header Files</Filter>
    </ClInclude>
    <ClInclude Include="numutil\myrnd.h">
      <Filter>Header Files</Filter>
    </ClInclude>
    <ClInclude Include="Bag.h">
      <Filter>Header Files</Filter>
    </ClInclude>
    <ClInclude Include="Cmd.h">
      <Filter>Header Files</Filter>
    </ClInclude>
    <ClInclude Include="Cmds.h">
      <Filter>Header Files</Filter>
    </ClInclude>
    <ClInclude Include="Cuss.h">
      <Filter>Header Files</Filter>
    </ClInclude>
    <ClInclude Include="LogEvents.h">
      <Filter>Header Files</Filter>
    </ClInclude>
    <ClInclude Include="util\debstr.h">
      <Filter>Header Files</Filter>
    </ClInclude>
    <ClInclude Include="Obj.h">
      <Filter>Header Files</Filter>
    </ClInclude>
    <ClInclude Include="Envir.h">
      <Filter>Header Files</Filter>
    </ClInclude>
    <ClInclude Include="Creature.h">
      <Filter>Header Files</Filter>
    </ClInclude>
    <ClInclude Include="Spell.h">
      <Filter>Header Files</Filter>
    </ClInclude>
    <ClInclude Include="Stats.h">
      <Filter>Header Files</Filter>
    </ClInclude>
    <ClInclude Include="Equ.h">
      <Filter>Header Files</Filter>
    </ClInclude>
    <ClInclude Include="term.h">
      <Filter>Header Files</Filter>
    </ClInclude>
    <ClInclude Include="MobQueue.h">
      <Filter>Header Files</Filter>
    </ClInclude>
    <ClInclude Include="DungGen1.h">
      <Filter>Source Files</Filter>
    </ClInclude>
    <ClInclude Include="Dungeon.h">
      <Filter>Header Files</Filter>
    </ClInclude>
    <ClInclude Include="Dungeons.h">
      <Filter>Header Files</Filter>
    </ClInclude>
    <ClInclude Include="Levelize.h">
      <Filter>Header Files</Filter>
    </ClInclude>
    <ClInclude Include="todo.h">
      <Filter>Header Files</Filter>
    </ClInclude>
    <ClInclude Include="Persist.h">
      <Filter>Header Files</Filter>
    </ClInclude>
    <ClInclude Include="Encumb.h">
      <Filter>Header Files</Filter>
    </ClInclude>
    <ClInclude Include="MobCombat.h">
      <Filter>Header Files</Filter>
    </ClInclude>
    <ClInclude Include="MonsterMob.h">
      <Filter>Header Files</Filter>
    </ClInclude>
    <ClInclude Include="Qual.h">
      <Filter>Header Files</Filter>
    </ClInclude>
    <ClInclude Include="parser\ParseCSV.h">
      <Filter>Source Files</Filter>
    </ClInclude>
    <ClInclude Include="ShopInv.h">
      <Filter>Header Files</Filter>
    </ClInclude>
    <ClInclude Include="PlayerMob.h">
      <Filter>Header Files</Filter>
    </ClInclude>
    <ClInclude Include="MobDist.h">
      <Filter>Header Files</Filter>
    </ClInclude>
    <ClInclude Include="BagStack.h">
      <Filter>Header Files</Filter>
    </ClInclude>
    <ClInclude Include="GrowSeed.h">
      <Filter>Source Files</Filter>
    </ClInclude>
    <ClInclude Include="LOS.h">
      <Filter>Header Files</Filter>
    </ClInclude>
    <ClInclude Include="Bresenham.h">
      <Filter>Header Files</Filter>
    </ClInclude>
    <ClInclude Include="CanSee.h">
      <Filter>Header Files</Filter>
    </ClInclude>
    <ClInclude Include="FightDashboard.h">
      <Filter>Header Files</Filter>
    </ClInclude>
    <ClInclude Include="TimeMeasure.h">
      <Filter>Header Files</Filter>
    </ClInclude>
    <ClInclude Include="myconsts.h">
      <Filter>Header Files</Filter>
    </ClInclude>
    <ClInclude Include="Kaching.h">
      <Filter>Source Files</Filter>
    </ClInclude>
    <ClInclude Include="MapGen.h">
      <Filter>Header Files</Filter>
    </ClInclude>
    <ClInclude Include="MapGen2.h">
      <Filter>Header Files</Filter>
    </ClInclude>
    <ClInclude Include="MapGen3.h">
      <Filter>Header Files</Filter>
    </ClInclude>
  </ItemGroup>
  <ItemGroup>
    <ClCompile Include="Basin.cpp">
      <Filter>Source Files</Filter>
    </ClCompile>
    <ClCompile Include="stdafx.cpp">
      <Filter>Source Files</Filter>
    </ClCompile>
    <ClCompile Include="MainFrm.cpp">
      <Filter>Source Files</Filter>
    </ClCompile>
    <ClCompile Include="ChildView.cpp">
      <Filter>Source Files</Filter>
    </ClCompile>
    <ClCompile Include="sprites\Tilemap.cpp">
      <Filter>Source Files</Filter>
    </ClCompile>
    <ClCompile Include="cellmap\cellmap.cpp">
      <Filter>Source Files</Filter>
    </ClCompile>
    <ClCompile Include="Mob.cpp">
      <Filter>Source Files</Filter>
    </ClCompile>
    <ClCompile Include="numutil\myrnd.cpp">
      <Filter>Source Files</Filter>
    </ClCompile>
    <ClCompile Include="Bag.cpp">
      <Filter>Source Files</Filter>
    </ClCompile>
    <ClCompile Include="Cmd.cpp">
      <Filter>Source Files</Filter>
    </ClCompile>
    <ClCompile Include="Cmds.cpp">
      <Filter>Source Files</Filter>
    </ClCompile>
    <ClCompile Include="Cuss.cpp">
      <Filter>Source Files</Filter>
    </ClCompile>
    <ClCompile Include="LogEvents.cpp">
      <Filter>Source Files</Filter>
    </ClCompile>
    <ClCompile Include="Obj.cpp">
      <Filter>Source Files</Filter>
    </ClCompile>
    <ClCompile Include="Envir.cpp">
      <Filter>Source Files</Filter>
    </ClCompile>
    <ClCompile Include="Creature.cpp">
      <Filter>Source Files</Filter>
    </ClCompile>
    <ClCompile Include="Spell.cpp">
      <Filter>Source Files</Filter>
    </ClCompile>
    <ClCompile Include="Stats.cpp">
      <Filter>Source Files</Filter>
    </ClCompile>
    <ClCompile Include="Equ.cpp">
      <Filter>Source Files</Filter>
    </ClCompile>
    <ClCompile Include="term.cpp">
      <Filter>Source Files</Filter>
    </ClCompile>
    <ClCompile Include="MobQueue.cpp">
      <Filter>Source Files</Filter>
    </ClCompile>
    <ClCompile Include="DungGen1.cpp">
      <Filter>Source Files</Filter>
    </ClCompile>
    <ClCompile Include="Dungeon.cpp">
      <Filter>Source Files</Filter>
    </ClCompile>
    <ClCompile Include="Dungeons.cpp">
      <Filter>Source Files</Filter>
    </ClCompile>
    <ClCompile Include="Levelize.cpp">
      <Filter>Source Files</Filter>
    </ClCompile>
    <ClCompile Include="todo.cpp">
      <Filter>Source Files</Filter>
    </ClCompile>
    <ClCompile Include="Persist.cpp">
      <Filter>Source Files</Filter>
    </ClCompile>
    <ClCompile Include="Encumb.cpp">
      <Filter>Source Files</Filter>
    </ClCompile>
    <ClCompile Include="MobCombat.cpp">
      <Filter>Source Files</Filter>
    </ClCompile>
    <ClCompile Include="MonsterMob.cpp">
      <Filter>Source Files</Filter>
    </ClCompile>
    <ClCompile Include="Qual.cpp">
      <Filter>Source Files</Filter>
    </ClCompile>
    <ClCompile Include="parser\ParseCSV.cpp">
      <Filter>Source Files</Filter>
    </ClCompile>
    <ClCompile Include="ShopInv.cpp">
      <Filter>Source Files</Filter>
    </ClCompile>
    <ClCompile Include="PlayerMob.cpp">
      <Filter>Source Files</Filter>
    </ClCompile>
    <ClCompile Include="MobDist.cpp">
      <Filter>Source Files</Filter>
    </ClCompile>
    <ClCompile Include="BagStack.cpp">
      <Filter>Source Files</Filter>
    </ClCompile>
    <ClCompile Include="GrowSeed.cpp">
      <Filter>Source Files</Filter>
    </ClCompile>
    <ClCompile Include="LOS.cpp">
      <Filter>Source Files</Filter>
    </ClCompile>
    <ClCompile Include="Bresenham.cpp">
      <Filter>Source Files</Filter>
    </ClCompile>
    <ClCompile Include="CanSee.cpp">
      <Filter>Source Files</Filter>
    </ClCompile>
    <ClCompile Include="FightDashboard.cpp">
      <Filter>Source Files</Filter>
    </ClCompile>
    <ClCompile Include="TimeMeasure.cpp">
      <Filter>Source Files</Filter>
    </ClCompile>
    <ClCompile Include="myconsts.cpp">
      <Filter>Source Files</Filter>
    </ClCompile>
    <ClCompile Include="Kaching.cpp">
      <Filter>Source Files</Filter>
    </ClCompile>
    <ClCompile Include="MapGen.cpp">
      <Filter>Source Files</Filter>
    </ClCompile>
    <ClCompile Include="MapGen2.cpp">
      <Filter>Source Files</Filter>
    </ClCompile>
    <ClCompile Include="MapGen3.cpp">
      <Filter>Source Files</Filter>
    </ClCompile>
  </ItemGroup>
  <ItemGroup>
    <ResourceCompile Include="Basin.rc">
      <Filter>Resource Files</Filter>
    </ResourceCompile>
  </ItemGroup>
  <ItemGroup>
    <None Include="res\Basin.rc2">
      <Filter>Resource Files</Filter>
    </None>
  </ItemGroup>
  <ItemGroup>
    <Image Include="res\Basin.ico">
      <Filter>Resource Files</Filter>
    </Image>
  </ItemGroup>
</Project>